
Microsoft Visual Studio Solution File, Format Version 12.00
# Visual Studio Version 16
VisualStudioVersion = 16.0.31410.357
MinimumVisualStudioVersion = 10.0.40219.1
Project("{9A19103F-16F7-4668-BE54-9A1E7A4F7556}") = "System wynajmowy", "System wynajmowy\System wynajmowy.csproj", "{67CDB063-2B86-4512-8C05-0D72C6B67AC3}"
EndProject
Global
	GlobalSection(SolutionConfigurationPlatforms) = preSolution
		Debug|Any CPU = Debug|Any CPU
		Release|Any CPU = Release|Any CPU
	EndGlobalSection
	GlobalSection(ProjectConfigurationPlatforms) = postSolution
		{67CDB063-2B86-4512-8C05-0D72C6B67AC3}.Debug|Any CPU.ActiveCfg = Debug|Any CPU
		{67CDB063-2B86-4512-8C05-0D72C6B67AC3}.Debug|Any CPU.Build.0 = Debug|Any CPU
		{67CDB063-2B86-4512-8C05-0D72C6B67AC3}.Release|Any CPU.ActiveCfg = Release|Any CPU
		{67CDB063-2B86-4512-8C05-0D72C6B67AC3}.Release|Any CPU.Build.0 = Release|Any CPU
	EndGlobalSection
	GlobalSection(SolutionProperties) = preSolution
		HideSolutionNode = FALSE
	EndGlobalSection
	GlobalSection(ExtensibilityGlobals) = postSolution
		SolutionGuid = {E4E78D97-6F0E-48A2-ACD9-3C10FFA8E457}
	EndGlobalSection
EndGlobal
